
Microsoft Visual Studio Solution File, Format Version 12.00
# Visual Studio 2012
Project("{FAE04EC0-301F-11D3-BF4B-00C04F79EFBC}") = "Drin", "Drin\Drin.csproj", "{67DB7BA3-B8BD-420A-B975-FB9876DE038E}"
EndProject
Project("{2150E333-8FDC-42A3-9474-1A3956D46DE8}") = "IF", "IF", "{82D6EE66-DF80-447F-9CB1-36A528AD2291}"
EndProject
Project("{2150E333-8FDC-42A3-9474-1A3956D46DE8}") = "THEN", "THEN", "{B49C2D43-4E96-491D-97D4-FB145C978C4B}"
EndProject
Project("{2150E333-8FDC-42A3-9474-1A3956D46DE8}") = "Engine", "Engine", "{9E55A9E8-E3DF-40BF-8F0F-24460DF73EA5}"
EndProject
Project("{FAE04EC0-301F-11D3-BF4B-00C04F79EFBC}") = "Drin.Engine", "Drin.Engine\Drin.Engine.csproj", "{AC9A4D50-A923-4483-894C-4B208BBED98C}"
EndProject
Project("{FAE04EC0-301F-11D3-BF4B-00C04F79EFBC}") = "Common", "Common\Common.csproj", "{D3E1DC31-E7F5-496B-BC6D-1D64E18CD7A8}"
EndProject
Project("{FAE04EC0-301F-11D3-BF4B-00C04F79EFBC}") = "IfStockPrice", "IfStockPrice\IfStockPrice.csproj", "{1134AA5D-F606-40A1-A8FB-EBCE0C18D4E9}"
EndProject
Project("{F088123C-0E9E-452A-89E6-6BA2F21D5CAC}") = "IfModels", "IfModels\IfModels.modelproj", "{D408E91F-BDC8-4E36-B6C5-0366A83A0694}"
EndProject
Project("{FAE04EC0-301F-11D3-BF4B-00C04F79EFBC}") = "IfSetupWindows", "IfSetupWindows\IfSetupWindows.csproj", "{B4B462F3-1712-4C30-BE83-CE03ACC5D7CC}"
EndProject
Project("{FAE04EC0-301F-11D3-BF4B-00C04F79EFBC}") = "ThenSendEmail", "ThenSendEmail\ThenSendEmail.csproj", "{DBDCDBB6-4DD8-4E99-9948-CC5D90918160}"
EndProject
Project("{2150E333-8FDC-42A3-9474-1A3956D46DE8}") = "IFTESTS", "IFTESTS", "{67EF2E48-4A81-4384-A9D9-C6AE4E25A9DD}"
EndProject
Project("{FAE04EC0-301F-11D3-BF4B-00C04F79EFBC}") = "IfStockPrice.Test", "IfStockPrice.Test\IfStockPrice.Test.csproj", "{CE6B712B-7D91-474F-BC1B-CCA2F3F4F9E2}"
EndProject
Project("{FAE04EC0-301F-11D3-BF4B-00C04F79EFBC}") = "Woot", "Woot\Woot.csproj", "{7C7F11BC-69DF-4FA8-BB0D-9687DEFCB8A1}"
EndProject
Project("{FAE04EC0-301F-11D3-BF4B-00C04F79EFBC}") = "Barbara.Liskov", "Pokedex\Barbara.Liskov.csproj", "{4E533B8F-0880-44A5-B937-FB26AF842C1A}"
EndProject
Project("{FAE04EC0-301F-11D3-BF4B-00C04F79EFBC}") = "Watson", "GraceHopper\Watson\Watson.csproj", "{630DBC59-DDEE-4907-A7B2-EC086B989034}"
EndProject
Project("{FAE04EC0-301F-11D3-BF4B-00C04F79EFBC}") = "IfPhotoCondition", "IfPhotoCondition\IfPhotoCondition.csproj", "{7931CE46-D0B7-49D1-9A72-4495FF704A71}"
EndProject
Project("{FAE04EC0-301F-11D3-BF4B-00C04F79EFBC}") = "Ida.Rhodes", "Ida.Rhodes\Ida.Rhodes.csproj", "{4D57563D-FF27-4F73-93A8-0B2F9BE7B094}"
EndProject
Project("{FAE04EC0-301F-11D3-BF4B-00C04F79EFBC}") = "Ida.Rhodes(Weather).Test", "Ida.Rhodes(Weather).Test\Ida.Rhodes(Weather).Test.csproj", "{3FDA05DD-6708-496F-BA7A-8CC6D82CA4B3}"
EndProject
Project("{FAE04EC0-301F-11D3-BF4B-00C04F79EFBC}") = "Ada.Lovelace2.0", "IfNewsStory\Ada.Lovelace2.0.csproj", "{4D0028E2-34FF-4130-8C10-5A771A685502}"
EndProject
Project("{2150E333-8FDC-42A3-9474-1A3956D46DE8}") = "THENTESTS", "THENTESTS", "{BA5C3BD5-B443-4C56-A3D3-F7AD330D5CAD}"
EndProject
Project("{FAE04EC0-301F-11D3-BF4B-00C04F79EFBC}") = "ThenSendEmail.Test", "ThenSendEmail.Test\ThenSendEmail.Test.csproj", "{39BB5384-7E0E-4DB3-976F-6BCE522494E9}"
EndProject
Project("{FAE04EC0-301F-11D3-BF4B-00C04F79EFBC}") = "ThenSetupWindows", "ThenSetupWindows\ThenSetupWindows.csproj", "{475BD1A7-B395-4EF1-8494-BB22285C9B70}"
EndProject
Project("{FAE04EC0-301F-11D3-BF4B-00C04F79EFBC}") = "PokemonFile.Test", "PokemonFile.Test\PokemonFile.Test.csproj", "{76953F7D-527A-4448-8019-3DD4ADEAAC0B}"
EndProject
Project("{FAE04EC0-301F-11D3-BF4B-00C04F79EFBC}") = "AdaLovelace(Story).Test", "UnitTestProject2\AdaLovelace(Story).Test.csproj", "{8ECBD9A5-BDEE-4060-BC18-0F42D7690EB4}"
EndProject
Project("{FAE04EC0-301F-11D3-BF4B-00C04F79EFBC}") = "FlickrPhoto.Test", "FlickrPhoto.Test\FlickrPhoto.Test.csproj", "{389C49A8-36CB-4A58-B301-5EE6416CD98E}"
EndProject
Project("{FAE04EC0-301F-11D3-BF4B-00C04F79EFBC}") = "Watson(Pitch).Test", "Watson(Pitch).Test\Watson(Pitch).Test.csproj", "{B6353BB7-63C5-4D6B-ADEB-FBF2211A56C1}"
EndProject
Project("{FAE04EC0-301F-11D3-BF4B-00C04F79EFBC}") = "ThenShowPhotos", "ThenShowPhotos\ThenShowPhotos.csproj", "{BD134C33-41A6-4750-9C4D-440FD7937CCE}"
EndProject
Global
	GlobalSection(TeamFoundationVersionControl) = preSolution
		SccNumberOfProjects = 23
		SccEnterpriseProvider = {4CA58AB2-18FA-4F8D-95D4-32DDF27D184C}
		SccTeamFoundationServer = https://bacs387.visualstudio.com/defaultcollection
		SccLocalPath0 = .
		SccProjectUniqueName1 = Drin\\Drin.csproj
		SccProjectName1 = Drin
		SccLocalPath1 = Drin
		SccProjectUniqueName2 = Drin.Engine\\Drin.Engine.csproj
		SccProjectTopLevelParentUniqueName2 = FinalProject.sln
		SccProjectName2 = Drin.Engine
		SccLocalPath2 = Drin.Engine
		SccProjectUniqueName3 = Common\\Common.csproj
		SccProjectName3 = Common
		SccLocalPath3 = Common
		SccProjectUniqueName4 = IfStockPrice\\IfStockPrice.csproj
		SccProjectTopLevelParentUniqueName4 = FinalProject.sln
		SccProjectName4 = IfStockPrice
		SccLocalPath4 = IfStockPrice
		SccProjectUniqueName5 = IfModels\\IfModels.modelproj
		SccProjectTopLevelParentUniqueName5 = FinalProject.sln
		SccProjectName5 = IfModels
		SccLocalPath5 = IfModels
		SccProjectUniqueName6 = IfSetupWindows\\IfSetupWindows.csproj
		SccProjectTopLevelParentUniqueName6 = FinalProject.sln
		SccProjectName6 = IfSetupWindows
		SccLocalPath6 = IfSetupWindows
		SccProjectUniqueName7 = ThenSendEmail\\ThenSendEmail.csproj
		SccProjectTopLevelParentUniqueName7 = FinalProject.sln
		SccProjectName7 = ThenSendEmail
		SccLocalPath7 = ThenSendEmail
		SccProjectUniqueName8 = IfStockPrice.Test\\IfStockPrice.Test.csproj
		SccProjectTopLevelParentUniqueName8 = FinalProject.sln
		SccProjectName8 = IfStockPrice.Test
		SccLocalPath8 = IfStockPrice.Test
		SccProjectUniqueName9 = Woot\\Woot.csproj
		SccProjectTopLevelParentUniqueName9 = FinalProject.sln
		SccProjectName9 = Woot
		SccLocalPath9 = Woot
		SccProjectUniqueName10 = Pokedex\\Barbara.Liskov.csproj
		SccProjectTopLevelParentUniqueName10 = FinalProject.sln
		SccProjectName10 = Pokedex
		SccLocalPath10 = Pokedex
		SccProjectUniqueName11 = GraceHopper\\Watson\\Watson.csproj
		SccProjectTopLevelParentUniqueName11 = FinalProject.sln
		SccProjectName11 = GraceHopper/Watson
		SccLocalPath11 = GraceHopper\\Watson
		SccProjectUniqueName12 = IfPhotoCondition\\IfPhotoCondition.csproj
		SccProjectTopLevelParentUniqueName12 = FinalProject.sln
		SccProjectName12 = IfPhotoCondition
		SccLocalPath12 = IfPhotoCondition
		SccProjectUniqueName13 = Ida.Rhodes\\Ida.Rhodes.csproj
		SccProjectTopLevelParentUniqueName13 = FinalProject.sln
		SccProjectName13 = Ida.Rhodes
		SccLocalPath13 = Ida.Rhodes
		SccProjectUniqueName14 = Ida.Rhodes(Weather).Test\\Ida.Rhodes(Weather).Test.csproj
		SccProjectTopLevelParentUniqueName14 = FinalProject.sln
		SccProjectName14 = Ida.Rhodes(Weather).Test
		SccLocalPath14 = Ida.Rhodes(Weather).Test
		SccProjectUniqueName15 = IfNewsStory\\Ada.Lovelace2.0.csproj
		SccProjectTopLevelParentUniqueName15 = FinalProject.sln
		SccProjectName15 = IfNewsStory
		SccLocalPath15 = IfNewsStory
		SccProjectUniqueName16 = ThenSendEmail.Test\\ThenSendEmail.Test.csproj
		SccProjectTopLevelParentUniqueName16 = FinalProject.sln
		SccProjectName16 = ThenSendEmail.Test
		SccLocalPath16 = ThenSendEmail.Test
		SccProjectUniqueName17 = ThenSetupWindows\\ThenSetupWindows.csproj
		SccProjectTopLevelParentUniqueName17 = FinalProject.sln
		SccProjectName17 = ThenSetupWindows
		SccLocalPath17 = ThenSetupWindows
		SccProjectUniqueName18 = PokemonFile.Test\\PokemonFile.Test.csproj
		SccProjectTopLevelParentUniqueName18 = FinalProject.sln
		SccProjectName18 = PokemonFile.Test
		SccLocalPath18 = PokemonFile.Test
		SccProjectUniqueName19 = UnitTestProject2\\AdaLovelace(Story).Test.csproj
		SccProjectTopLevelParentUniqueName19 = FinalProject.sln
		SccProjectName19 = UnitTestProject2
		SccLocalPath19 = UnitTestProject2
		SccProjectUniqueName20 = FlickrPhoto.Test\\FlickrPhoto.Test.csproj
		SccProjectTopLevelParentUniqueName20 = FinalProject.sln
		SccProjectName20 = FlickrPhoto.Test
		SccLocalPath20 = FlickrPhoto.Test
		SccProjectUniqueName21 = Watson(Pitch).Test\\Watson(Pitch).Test.csproj
		SccProjectTopLevelParentUniqueName21 = FinalProject.sln
		SccProjectName21 = Watson(Pitch).Test
		SccLocalPath21 = Watson(Pitch).Test
		SccProjectUniqueName22 = ThenShowPhotos\\ThenShowPhotos.csproj
		SccProjectTopLevelParentUniqueName22 = FinalProject.sln
		SccProjectName22 = ThenShowPhotos
		SccLocalPath22 = ThenShowPhotos
	EndGlobalSection
	GlobalSection(SolutionConfigurationPlatforms) = preSolution
		Debug|Any CPU = Debug|Any CPU
		Debug|ARM = Debug|ARM
		Debug|x64 = Debug|x64
		Debug|x86 = Debug|x86
		Release|Any CPU = Release|Any CPU
		Release|ARM = Release|ARM
		Release|x64 = Release|x64
		Release|x86 = Release|x86
	EndGlobalSection
	GlobalSection(ProjectConfigurationPlatforms) = postSolution
		{67DB7BA3-B8BD-420A-B975-FB9876DE038E}.Debug|Any CPU.ActiveCfg = Debug|Any CPU
		{67DB7BA3-B8BD-420A-B975-FB9876DE038E}.Debug|Any CPU.Build.0 = Debug|Any CPU
		{67DB7BA3-B8BD-420A-B975-FB9876DE038E}.Debug|ARM.ActiveCfg = Debug|Any CPU
		{67DB7BA3-B8BD-420A-B975-FB9876DE038E}.Debug|x64.ActiveCfg = Debug|Any CPU
		{67DB7BA3-B8BD-420A-B975-FB9876DE038E}.Debug|x86.ActiveCfg = Debug|Any CPU
		{67DB7BA3-B8BD-420A-B975-FB9876DE038E}.Release|Any CPU.ActiveCfg = Release|Any CPU
		{67DB7BA3-B8BD-420A-B975-FB9876DE038E}.Release|Any CPU.Build.0 = Release|Any CPU
		{67DB7BA3-B8BD-420A-B975-FB9876DE038E}.Release|ARM.ActiveCfg = Release|Any CPU
		{67DB7BA3-B8BD-420A-B975-FB9876DE038E}.Release|x64.ActiveCfg = Release|Any CPU
		{67DB7BA3-B8BD-420A-B975-FB9876DE038E}.Release|x86.ActiveCfg = Release|Any CPU
		{AC9A4D50-A923-4483-894C-4B208BBED98C}.Debug|Any CPU.ActiveCfg = Debug|Any CPU
		{AC9A4D50-A923-4483-894C-4B208BBED98C}.Debug|Any CPU.Build.0 = Debug|Any CPU
		{AC9A4D50-A923-4483-894C-4B208BBED98C}.Debug|ARM.ActiveCfg = Debug|Any CPU
		{AC9A4D50-A923-4483-894C-4B208BBED98C}.Debug|x64.ActiveCfg = Debug|Any CPU
		{AC9A4D50-A923-4483-894C-4B208BBED98C}.Debug|x86.ActiveCfg = Debug|Any CPU
		{AC9A4D50-A923-4483-894C-4B208BBED98C}.Release|Any CPU.ActiveCfg = Release|Any CPU
		{AC9A4D50-A923-4483-894C-4B208BBED98C}.Release|Any CPU.Build.0 = Release|Any CPU
		{AC9A4D50-A923-4483-894C-4B208BBED98C}.Release|ARM.ActiveCfg = Release|Any CPU
		{AC9A4D50-A923-4483-894C-4B208BBED98C}.Release|x64.ActiveCfg = Release|Any CPU
		{AC9A4D50-A923-4483-894C-4B208BBED98C}.Release|x86.ActiveCfg = Release|Any CPU
		{D3E1DC31-E7F5-496B-BC6D-1D64E18CD7A8}.Debug|Any CPU.ActiveCfg = Debug|Any CPU
		{D3E1DC31-E7F5-496B-BC6D-1D64E18CD7A8}.Debug|Any CPU.Build.0 = Debug|Any CPU
		{D3E1DC31-E7F5-496B-BC6D-1D64E18CD7A8}.Debug|ARM.ActiveCfg = Debug|Any CPU
		{D3E1DC31-E7F5-496B-BC6D-1D64E18CD7A8}.Debug|x64.ActiveCfg = Debug|Any CPU
		{D3E1DC31-E7F5-496B-BC6D-1D64E18CD7A8}.Debug|x86.ActiveCfg = Debug|Any CPU
		{D3E1DC31-E7F5-496B-BC6D-1D64E18CD7A8}.Release|Any CPU.ActiveCfg = Release|Any CPU
		{D3E1DC31-E7F5-496B-BC6D-1D64E18CD7A8}.Release|Any CPU.Build.0 = Release|Any CPU
		{D3E1DC31-E7F5-496B-BC6D-1D64E18CD7A8}.Release|ARM.ActiveCfg = Release|Any CPU
		{D3E1DC31-E7F5-496B-BC6D-1D64E18CD7A8}.Release|x64.ActiveCfg = Release|Any CPU
		{D3E1DC31-E7F5-496B-BC6D-1D64E18CD7A8}.Release|x86.ActiveCfg = Release|Any CPU
		{1134AA5D-F606-40A1-A8FB-EBCE0C18D4E9}.Debug|Any CPU.ActiveCfg = Debug|Any CPU
		{1134AA5D-F606-40A1-A8FB-EBCE0C18D4E9}.Debug|Any CPU.Build.0 = Debug|Any CPU
		{1134AA5D-F606-40A1-A8FB-EBCE0C18D4E9}.Debug|ARM.ActiveCfg = Debug|Any CPU
		{1134AA5D-F606-40A1-A8FB-EBCE0C18D4E9}.Debug|x64.ActiveCfg = Debug|Any CPU
		{1134AA5D-F606-40A1-A8FB-EBCE0C18D4E9}.Debug|x86.ActiveCfg = Debug|Any CPU
		{1134AA5D-F606-40A1-A8FB-EBCE0C18D4E9}.Release|Any CPU.ActiveCfg = Release|Any CPU
		{1134AA5D-F606-40A1-A8FB-EBCE0C18D4E9}.Release|Any CPU.Build.0 = Release|Any CPU
		{1134AA5D-F606-40A1-A8FB-EBCE0C18D4E9}.Release|ARM.ActiveCfg = Release|Any CPU
		{1134AA5D-F606-40A1-A8FB-EBCE0C18D4E9}.Release|x64.ActiveCfg = Release|Any CPU
		{1134AA5D-F606-40A1-A8FB-EBCE0C18D4E9}.Release|x86.ActiveCfg = Release|Any CPU
		{D408E91F-BDC8-4E36-B6C5-0366A83A0694}.Debug|Any CPU.ActiveCfg = Debug|Any CPU
		{D408E91F-BDC8-4E36-B6C5-0366A83A0694}.Debug|Any CPU.Build.0 = Debug|Any CPU
		{D408E91F-BDC8-4E36-B6C5-0366A83A0694}.Debug|ARM.ActiveCfg = Debug|Any CPU
		{D408E91F-BDC8-4E36-B6C5-0366A83A0694}.Debug|x64.ActiveCfg = Debug|Any CPU
		{D408E91F-BDC8-4E36-B6C5-0366A83A0694}.Debug|x86.ActiveCfg = Debug|Any CPU
		{D408E91F-BDC8-4E36-B6C5-0366A83A0694}.Release|Any CPU.ActiveCfg = Release|Any CPU
		{D408E91F-BDC8-4E36-B6C5-0366A83A0694}.Release|Any CPU.Build.0 = Release|Any CPU
		{D408E91F-BDC8-4E36-B6C5-0366A83A0694}.Release|ARM.ActiveCfg = Release|Any CPU
		{D408E91F-BDC8-4E36-B6C5-0366A83A0694}.Release|x64.ActiveCfg = Release|Any CPU
		{D408E91F-BDC8-4E36-B6C5-0366A83A0694}.Release|x86.ActiveCfg = Release|Any CPU
		{B4B462F3-1712-4C30-BE83-CE03ACC5D7CC}.Debug|Any CPU.ActiveCfg = Debug|Any CPU
		{B4B462F3-1712-4C30-BE83-CE03ACC5D7CC}.Debug|Any CPU.Build.0 = Debug|Any CPU
		{B4B462F3-1712-4C30-BE83-CE03ACC5D7CC}.Debug|ARM.ActiveCfg = Debug|Any CPU
		{B4B462F3-1712-4C30-BE83-CE03ACC5D7CC}.Debug|x64.ActiveCfg = Debug|Any CPU
		{B4B462F3-1712-4C30-BE83-CE03ACC5D7CC}.Debug|x86.ActiveCfg = Debug|Any CPU
		{B4B462F3-1712-4C30-BE83-CE03ACC5D7CC}.Release|Any CPU.ActiveCfg = Release|Any CPU
		{B4B462F3-1712-4C30-BE83-CE03ACC5D7CC}.Release|Any CPU.Build.0 = Release|Any CPU
		{B4B462F3-1712-4C30-BE83-CE03ACC5D7CC}.Release|ARM.ActiveCfg = Release|Any CPU
		{B4B462F3-1712-4C30-BE83-CE03ACC5D7CC}.Release|x64.ActiveCfg = Release|Any CPU
		{B4B462F3-1712-4C30-BE83-CE03ACC5D7CC}.Release|x86.ActiveCfg = Release|Any CPU
		{DBDCDBB6-4DD8-4E99-9948-CC5D90918160}.Debug|Any CPU.ActiveCfg = Debug|Any CPU
		{DBDCDBB6-4DD8-4E99-9948-CC5D90918160}.Debug|Any CPU.Build.0 = Debug|Any CPU
		{DBDCDBB6-4DD8-4E99-9948-CC5D90918160}.Debug|ARM.ActiveCfg = Debug|Any CPU
		{DBDCDBB6-4DD8-4E99-9948-CC5D90918160}.Debug|x64.ActiveCfg = Debug|Any CPU
		{DBDCDBB6-4DD8-4E99-9948-CC5D90918160}.Debug|x86.ActiveCfg = Debug|Any CPU
		{DBDCDBB6-4DD8-4E99-9948-CC5D90918160}.Release|Any CPU.ActiveCfg = Release|Any CPU
		{DBDCDBB6-4DD8-4E99-9948-CC5D90918160}.Release|Any CPU.Build.0 = Release|Any CPU
		{DBDCDBB6-4DD8-4E99-9948-CC5D90918160}.Release|ARM.ActiveCfg = Release|Any CPU
		{DBDCDBB6-4DD8-4E99-9948-CC5D90918160}.Release|x64.ActiveCfg = Release|Any CPU
		{DBDCDBB6-4DD8-4E99-9948-CC5D90918160}.Release|x86.ActiveCfg = Release|Any CPU
		{CE6B712B-7D91-474F-BC1B-CCA2F3F4F9E2}.Debug|Any CPU.ActiveCfg = Debug|Any CPU
		{CE6B712B-7D91-474F-BC1B-CCA2F3F4F9E2}.Debug|Any CPU.Build.0 = Debug|Any CPU
		{CE6B712B-7D91-474F-BC1B-CCA2F3F4F9E2}.Debug|ARM.ActiveCfg = Debug|Any CPU
		{CE6B712B-7D91-474F-BC1B-CCA2F3F4F9E2}.Debug|x64.ActiveCfg = Debug|Any CPU
		{CE6B712B-7D91-474F-BC1B-CCA2F3F4F9E2}.Debug|x86.ActiveCfg = Debug|Any CPU
		{CE6B712B-7D91-474F-BC1B-CCA2F3F4F9E2}.Release|Any CPU.ActiveCfg = Release|Any CPU
		{CE6B712B-7D91-474F-BC1B-CCA2F3F4F9E2}.Release|Any CPU.Build.0 = Release|Any CPU
		{CE6B712B-7D91-474F-BC1B-CCA2F3F4F9E2}.Release|ARM.ActiveCfg = Release|Any CPU
		{CE6B712B-7D91-474F-BC1B-CCA2F3F4F9E2}.Release|x64.ActiveCfg = Release|Any CPU
		{CE6B712B-7D91-474F-BC1B-CCA2F3F4F9E2}.Release|x86.ActiveCfg = Release|Any CPU
		{7C7F11BC-69DF-4FA8-BB0D-9687DEFCB8A1}.Debug|Any CPU.ActiveCfg = Debug|Any CPU
		{7C7F11BC-69DF-4FA8-BB0D-9687DEFCB8A1}.Debug|Any CPU.Build.0 = Debug|Any CPU
		{7C7F11BC-69DF-4FA8-BB0D-9687DEFCB8A1}.Debug|ARM.ActiveCfg = Debug|Any CPU
		{7C7F11BC-69DF-4FA8-BB0D-9687DEFCB8A1}.Debug|x64.ActiveCfg = Debug|Any CPU
		{7C7F11BC-69DF-4FA8-BB0D-9687DEFCB8A1}.Debug|x86.ActiveCfg = Debug|Any CPU
		{7C7F11BC-69DF-4FA8-BB0D-9687DEFCB8A1}.Release|Any CPU.ActiveCfg = Release|Any CPU
		{7C7F11BC-69DF-4FA8-BB0D-9687DEFCB8A1}.Release|Any CPU.Build.0 = Release|Any CPU
		{7C7F11BC-69DF-4FA8-BB0D-9687DEFCB8A1}.Release|ARM.ActiveCfg = Release|Any CPU
		{7C7F11BC-69DF-4FA8-BB0D-9687DEFCB8A1}.Release|x64.ActiveCfg = Release|Any CPU
		{7C7F11BC-69DF-4FA8-BB0D-9687DEFCB8A1}.Release|x86.ActiveCfg = Release|Any CPU
		{4E533B8F-0880-44A5-B937-FB26AF842C1A}.Debug|Any CPU.ActiveCfg = Debug|Any CPU
		{4E533B8F-0880-44A5-B937-FB26AF842C1A}.Debug|Any CPU.Build.0 = Debug|Any CPU
		{4E533B8F-0880-44A5-B937-FB26AF842C1A}.Debug|ARM.ActiveCfg = Debug|Any CPU
		{4E533B8F-0880-44A5-B937-FB26AF842C1A}.Debug|x64.ActiveCfg = Debug|Any CPU
		{4E533B8F-0880-44A5-B937-FB26AF842C1A}.Debug|x86.ActiveCfg = Debug|Any CPU
		{4E533B8F-0880-44A5-B937-FB26AF842C1A}.Release|Any CPU.ActiveCfg = Release|Any CPU
		{4E533B8F-0880-44A5-B937-FB26AF842C1A}.Release|Any CPU.Build.0 = Release|Any CPU
		{4E533B8F-0880-44A5-B937-FB26AF842C1A}.Release|ARM.ActiveCfg = Release|Any CPU
		{4E533B8F-0880-44A5-B937-FB26AF842C1A}.Release|x64.ActiveCfg = Release|Any CPU
		{4E533B8F-0880-44A5-B937-FB26AF842C1A}.Release|x86.ActiveCfg = Release|Any CPU
		{630DBC59-DDEE-4907-A7B2-EC086B989034}.Debug|Any CPU.ActiveCfg = Debug|Any CPU
		{630DBC59-DDEE-4907-A7B2-EC086B989034}.Debug|Any CPU.Build.0 = Debug|Any CPU
		{630DBC59-DDEE-4907-A7B2-EC086B989034}.Debug|ARM.ActiveCfg = Debug|Any CPU
		{630DBC59-DDEE-4907-A7B2-EC086B989034}.Debug|x64.ActiveCfg = Debug|Any CPU
		{630DBC59-DDEE-4907-A7B2-EC086B989034}.Debug|x86.ActiveCfg = Debug|Any CPU
		{630DBC59-DDEE-4907-A7B2-EC086B989034}.Release|Any CPU.ActiveCfg = Release|Any CPU
		{630DBC59-DDEE-4907-A7B2-EC086B989034}.Release|Any CPU.Build.0 = Release|Any CPU
		{630DBC59-DDEE-4907-A7B2-EC086B989034}.Release|ARM.ActiveCfg = Release|Any CPU
		{630DBC59-DDEE-4907-A7B2-EC086B989034}.Release|x64.ActiveCfg = Release|Any CPU
		{630DBC59-DDEE-4907-A7B2-EC086B989034}.Release|x86.ActiveCfg = Release|Any CPU
		{7931CE46-D0B7-49D1-9A72-4495FF704A71}.Debug|Any CPU.ActiveCfg = Debug|Any CPU
		{7931CE46-D0B7-49D1-9A72-4495FF704A71}.Debug|Any CPU.Build.0 = Debug|Any CPU
		{7931CE46-D0B7-49D1-9A72-4495FF704A71}.Debug|ARM.ActiveCfg = Debug|Any CPU
		{7931CE46-D0B7-49D1-9A72-4495FF704A71}.Debug|x64.ActiveCfg = Debug|Any CPU
		{7931CE46-D0B7-49D1-9A72-4495FF704A71}.Debug|x86.ActiveCfg = Debug|Any CPU
		{7931CE46-D0B7-49D1-9A72-4495FF704A71}.Release|Any CPU.ActiveCfg = Release|Any CPU
		{7931CE46-D0B7-49D1-9A72-4495FF704A71}.Release|Any CPU.Build.0 = Release|Any CPU
		{7931CE46-D0B7-49D1-9A72-4495FF704A71}.Release|ARM.ActiveCfg = Release|Any CPU
		{7931CE46-D0B7-49D1-9A72-4495FF704A71}.Release|x64.ActiveCfg = Release|Any CPU
		{7931CE46-D0B7-49D1-9A72-4495FF704A71}.Release|x86.ActiveCfg = Release|Any CPU
		{4D57563D-FF27-4F73-93A8-0B2F9BE7B094}.Debug|Any CPU.ActiveCfg = Debug|Any CPU
		{4D57563D-FF27-4F73-93A8-0B2F9BE7B094}.Debug|Any CPU.Build.0 = Debug|Any CPU
		{4D57563D-FF27-4F73-93A8-0B2F9BE7B094}.Debug|ARM.ActiveCfg = Debug|Any CPU
		{4D57563D-FF27-4F73-93A8-0B2F9BE7B094}.Debug|x64.ActiveCfg = Debug|Any CPU
		{4D57563D-FF27-4F73-93A8-0B2F9BE7B094}.Debug|x86.ActiveCfg = Debug|Any CPU
		{4D57563D-FF27-4F73-93A8-0B2F9BE7B094}.Release|Any CPU.ActiveCfg = Release|Any CPU
		{4D57563D-FF27-4F73-93A8-0B2F9BE7B094}.Release|Any CPU.Build.0 = Release|Any CPU
		{4D57563D-FF27-4F73-93A8-0B2F9BE7B094}.Release|ARM.ActiveCfg = Release|Any CPU
		{4D57563D-FF27-4F73-93A8-0B2F9BE7B094}.Release|x64.ActiveCfg = Release|Any CPU
		{4D57563D-FF27-4F73-93A8-0B2F9BE7B094}.Release|x86.ActiveCfg = Release|Any CPU
		{3FDA05DD-6708-496F-BA7A-8CC6D82CA4B3}.Debug|Any CPU.ActiveCfg = Debug|Any CPU
		{3FDA05DD-6708-496F-BA7A-8CC6D82CA4B3}.Debug|Any CPU.Build.0 = Debug|Any CPU
		{3FDA05DD-6708-496F-BA7A-8CC6D82CA4B3}.Debug|ARM.ActiveCfg = Debug|Any CPU
		{3FDA05DD-6708-496F-BA7A-8CC6D82CA4B3}.Debug|x64.ActiveCfg = Debug|Any CPU
		{3FDA05DD-6708-496F-BA7A-8CC6D82CA4B3}.Debug|x86.ActiveCfg = Debug|Any CPU
		{3FDA05DD-6708-496F-BA7A-8CC6D82CA4B3}.Release|Any CPU.ActiveCfg = Release|Any CPU
		{3FDA05DD-6708-496F-BA7A-8CC6D82CA4B3}.Release|Any CPU.Build.0 = Release|Any CPU
		{3FDA05DD-6708-496F-BA7A-8CC6D82CA4B3}.Release|ARM.ActiveCfg = Release|Any CPU
		{3FDA05DD-6708-496F-BA7A-8CC6D82CA4B3}.Release|x64.ActiveCfg = Release|Any CPU
		{3FDA05DD-6708-496F-BA7A-8CC6D82CA4B3}.Release|x86.ActiveCfg = Release|Any CPU
		{4D0028E2-34FF-4130-8C10-5A771A685502}.Debug|Any CPU.ActiveCfg = Debug|Any CPU
		{4D0028E2-34FF-4130-8C10-5A771A685502}.Debug|Any CPU.Build.0 = Debug|Any CPU
		{4D0028E2-34FF-4130-8C10-5A771A685502}.Debug|ARM.ActiveCfg = Debug|Any CPU
		{4D0028E2-34FF-4130-8C10-5A771A685502}.Debug|x64.ActiveCfg = Debug|Any CPU
		{4D0028E2-34FF-4130-8C10-5A771A685502}.Debug|x86.ActiveCfg = Debug|Any CPU
		{4D0028E2-34FF-4130-8C10-5A771A685502}.Release|Any CPU.ActiveCfg = Release|Any CPU
		{4D0028E2-34FF-4130-8C10-5A771A685502}.Release|Any CPU.Build.0 = Release|Any CPU
		{4D0028E2-34FF-4130-8C10-5A771A685502}.Release|ARM.ActiveCfg = Release|Any CPU
		{4D0028E2-34FF-4130-8C10-5A771A685502}.Release|x64.ActiveCfg = Release|Any CPU
		{4D0028E2-34FF-4130-8C10-5A771A685502}.Release|x86.ActiveCfg = Release|Any CPU
		{39BB5384-7E0E-4DB3-976F-6BCE522494E9}.Debug|Any CPU.ActiveCfg = Debug|Any CPU
		{39BB5384-7E0E-4DB3-976F-6BCE522494E9}.Debug|Any CPU.Build.0 = Debug|Any CPU
		{39BB5384-7E0E-4DB3-976F-6BCE522494E9}.Debug|ARM.ActiveCfg = Debug|Any CPU
		{39BB5384-7E0E-4DB3-976F-6BCE522494E9}.Debug|x64.ActiveCfg = Debug|Any CPU
		{39BB5384-7E0E-4DB3-976F-6BCE522494E9}.Debug|x86.ActiveCfg = Debug|Any CPU
		{39BB5384-7E0E-4DB3-976F-6BCE522494E9}.Release|Any CPU.ActiveCfg = Release|Any CPU
		{39BB5384-7E0E-4DB3-976F-6BCE522494E9}.Release|Any CPU.Build.0 = Release|Any CPU
		{39BB5384-7E0E-4DB3-976F-6BCE522494E9}.Release|ARM.ActiveCfg = Release|Any CPU
		{39BB5384-7E0E-4DB3-976F-6BCE522494E9}.Release|x64.ActiveCfg = Release|Any CPU
		{39BB5384-7E0E-4DB3-976F-6BCE522494E9}.Release|x86.ActiveCfg = Release|Any CPU
		{475BD1A7-B395-4EF1-8494-BB22285C9B70}.Debug|Any CPU.ActiveCfg = Debug|Any CPU
		{475BD1A7-B395-4EF1-8494-BB22285C9B70}.Debug|Any CPU.Build.0 = Debug|Any CPU
		{475BD1A7-B395-4EF1-8494-BB22285C9B70}.Debug|ARM.ActiveCfg = Debug|Any CPU
		{475BD1A7-B395-4EF1-8494-BB22285C9B70}.Debug|x64.ActiveCfg = Debug|Any CPU
		{475BD1A7-B395-4EF1-8494-BB22285C9B70}.Debug|x86.ActiveCfg = Debug|Any CPU
		{475BD1A7-B395-4EF1-8494-BB22285C9B70}.Release|Any CPU.ActiveCfg = Release|Any CPU
		{475BD1A7-B395-4EF1-8494-BB22285C9B70}.Release|Any CPU.Build.0 = Release|Any CPU
		{475BD1A7-B395-4EF1-8494-BB22285C9B70}.Release|ARM.ActiveCfg = Release|Any CPU
		{475BD1A7-B395-4EF1-8494-BB22285C9B70}.Release|x64.ActiveCfg = Release|Any CPU
		{475BD1A7-B395-4EF1-8494-BB22285C9B70}.Release|x86.ActiveCfg = Release|Any CPU
		{76953F7D-527A-4448-8019-3DD4ADEAAC0B}.Debug|Any CPU.ActiveCfg = Debug|Any CPU
		{76953F7D-527A-4448-8019-3DD4ADEAAC0B}.Debug|Any CPU.Build.0 = Debug|Any CPU
		{76953F7D-527A-4448-8019-3DD4ADEAAC0B}.Debug|ARM.ActiveCfg = Debug|Any CPU
		{76953F7D-527A-4448-8019-3DD4ADEAAC0B}.Debug|x64.ActiveCfg = Debug|Any CPU
		{76953F7D-527A-4448-8019-3DD4ADEAAC0B}.Debug|x86.ActiveCfg = Debug|Any CPU
		{76953F7D-527A-4448-8019-3DD4ADEAAC0B}.Release|Any CPU.ActiveCfg = Release|Any CPU
		{76953F7D-527A-4448-8019-3DD4ADEAAC0B}.Release|Any CPU.Build.0 = Release|Any CPU
		{76953F7D-527A-4448-8019-3DD4ADEAAC0B}.Release|ARM.ActiveCfg = Release|Any CPU
		{76953F7D-527A-4448-8019-3DD4ADEAAC0B}.Release|x64.ActiveCfg = Release|Any CPU
		{76953F7D-527A-4448-8019-3DD4ADEAAC0B}.Release|x86.ActiveCfg = Release|Any CPU
		{8ECBD9A5-BDEE-4060-BC18-0F42D7690EB4}.Debug|Any CPU.ActiveCfg = Debug|Any CPU
		{8ECBD9A5-BDEE-4060-BC18-0F42D7690EB4}.Debug|Any CPU.Build.0 = Debug|Any CPU
		{8ECBD9A5-BDEE-4060-BC18-0F42D7690EB4}.Debug|ARM.ActiveCfg = Debug|Any CPU
		{8ECBD9A5-BDEE-4060-BC18-0F42D7690EB4}.Debug|x64.ActiveCfg = Debug|Any CPU
		{8ECBD9A5-BDEE-4060-BC18-0F42D7690EB4}.Debug|x86.ActiveCfg = Debug|Any CPU
		{8ECBD9A5-BDEE-4060-BC18-0F42D7690EB4}.Release|Any CPU.ActiveCfg = Release|Any CPU
		{8ECBD9A5-BDEE-4060-BC18-0F42D7690EB4}.Release|Any CPU.Build.0 = Release|Any CPU
		{8ECBD9A5-BDEE-4060-BC18-0F42D7690EB4}.Release|ARM.ActiveCfg = Release|Any CPU
		{8ECBD9A5-BDEE-4060-BC18-0F42D7690EB4}.Release|x64.ActiveCfg = Release|Any CPU
		{8ECBD9A5-BDEE-4060-BC18-0F42D7690EB4}.Release|x86.ActiveCfg = Release|Any CPU
		{389C49A8-36CB-4A58-B301-5EE6416CD98E}.Debug|Any CPU.ActiveCfg = Debug|Any CPU
		{389C49A8-36CB-4A58-B301-5EE6416CD98E}.Debug|Any CPU.Build.0 = Debug|Any CPU
		{389C49A8-36CB-4A58-B301-5EE6416CD98E}.Debug|ARM.ActiveCfg = Debug|Any CPU
		{389C49A8-36CB-4A58-B301-5EE6416CD98E}.Debug|x64.ActiveCfg = Debug|Any CPU
		{389C49A8-36CB-4A58-B301-5EE6416CD98E}.Debug|x86.ActiveCfg = Debug|Any CPU
		{389C49A8-36CB-4A58-B301-5EE6416CD98E}.Release|Any CPU.ActiveCfg = Release|Any CPU
		{389C49A8-36CB-4A58-B301-5EE6416CD98E}.Release|Any CPU.Build.0 = Release|Any CPU
		{389C49A8-36CB-4A58-B301-5EE6416CD98E}.Release|ARM.ActiveCfg = Release|Any CPU
		{389C49A8-36CB-4A58-B301-5EE6416CD98E}.Release|x64.ActiveCfg = Release|Any CPU
		{389C49A8-36CB-4A58-B301-5EE6416CD98E}.Release|x86.ActiveCfg = Release|Any CPU
		{B6353BB7-63C5-4D6B-ADEB-FBF2211A56C1}.Debug|Any CPU.ActiveCfg = Debug|Any CPU
		{B6353BB7-63C5-4D6B-ADEB-FBF2211A56C1}.Debug|Any CPU.Build.0 = Debug|Any CPU
		{B6353BB7-63C5-4D6B-ADEB-FBF2211A56C1}.Debug|ARM.ActiveCfg = Debug|Any CPU
		{B6353BB7-63C5-4D6B-ADEB-FBF2211A56C1}.Debug|x64.ActiveCfg = Debug|Any CPU
		{B6353BB7-63C5-4D6B-ADEB-FBF2211A56C1}.Debug|x86.ActiveCfg = Debug|Any CPU
		{B6353BB7-63C5-4D6B-ADEB-FBF2211A56C1}.Release|Any CPU.ActiveCfg = Release|Any CPU
		{B6353BB7-63C5-4D6B-ADEB-FBF2211A56C1}.Release|Any CPU.Build.0 = Release|Any CPU
		{B6353BB7-63C5-4D6B-ADEB-FBF2211A56C1}.Release|ARM.ActiveCfg = Release|Any CPU
		{B6353BB7-63C5-4D6B-ADEB-FBF2211A56C1}.Release|x64.ActiveCfg = Release|Any CPU
		{B6353BB7-63C5-4D6B-ADEB-FBF2211A56C1}.Release|x86.ActiveCfg = Release|Any CPU
		{BD134C33-41A6-4750-9C4D-440FD7937CCE}.Debug|Any CPU.ActiveCfg = Debug|Any CPU
		{BD134C33-41A6-4750-9C4D-440FD7937CCE}.Debug|Any CPU.Build.0 = Debug|Any CPU
		{BD134C33-41A6-4750-9C4D-440FD7937CCE}.Debug|ARM.ActiveCfg = Debug|Any CPU
		{BD134C33-41A6-4750-9C4D-440FD7937CCE}.Debug|x64.ActiveCfg = Debug|Any CPU
		{BD134C33-41A6-4750-9C4D-440FD7937CCE}.Debug|x86.ActiveCfg = Debug|Any CPU
		{BD134C33-41A6-4750-9C4D-440FD7937CCE}.Release|Any CPU.ActiveCfg = Release|Any CPU
		{BD134C33-41A6-4750-9C4D-440FD7937CCE}.Release|Any CPU.Build.0 = Release|Any CPU
		{BD134C33-41A6-4750-9C4D-440FD7937CCE}.Release|ARM.ActiveCfg = Release|Any CPU
		{BD134C33-41A6-4750-9C4D-440FD7937CCE}.Release|x64.ActiveCfg = Release|Any CPU
		{BD134C33-41A6-4750-9C4D-440FD7937CCE}.Release|x86.ActiveCfg = Release|Any CPU
	EndGlobalSection
	GlobalSection(SolutionProperties) = preSolution
		HideSolutionNode = FALSE
	EndGlobalSection
	GlobalSection(NestedProjects) = preSolution
		{1134AA5D-F606-40A1-A8FB-EBCE0C18D4E9} = {82D6EE66-DF80-447F-9CB1-36A528AD2291}
		{D408E91F-BDC8-4E36-B6C5-0366A83A0694} = {82D6EE66-DF80-447F-9CB1-36A528AD2291}
		{B4B462F3-1712-4C30-BE83-CE03ACC5D7CC} = {82D6EE66-DF80-447F-9CB1-36A528AD2291}
		{7C7F11BC-69DF-4FA8-BB0D-9687DEFCB8A1} = {82D6EE66-DF80-447F-9CB1-36A528AD2291}
		{4E533B8F-0880-44A5-B937-FB26AF842C1A} = {82D6EE66-DF80-447F-9CB1-36A528AD2291}
		{630DBC59-DDEE-4907-A7B2-EC086B989034} = {82D6EE66-DF80-447F-9CB1-36A528AD2291}
		{7931CE46-D0B7-49D1-9A72-4495FF704A71} = {82D6EE66-DF80-447F-9CB1-36A528AD2291}
		{4D57563D-FF27-4F73-93A8-0B2F9BE7B094} = {82D6EE66-DF80-447F-9CB1-36A528AD2291}
		{4D0028E2-34FF-4130-8C10-5A771A685502} = {82D6EE66-DF80-447F-9CB1-36A528AD2291}
		{DBDCDBB6-4DD8-4E99-9948-CC5D90918160} = {B49C2D43-4E96-491D-97D4-FB145C978C4B}
		{475BD1A7-B395-4EF1-8494-BB22285C9B70} = {B49C2D43-4E96-491D-97D4-FB145C978C4B}
		{BD134C33-41A6-4750-9C4D-440FD7937CCE} = {B49C2D43-4E96-491D-97D4-FB145C978C4B}
		{AC9A4D50-A923-4483-894C-4B208BBED98C} = {9E55A9E8-E3DF-40BF-8F0F-24460DF73EA5}
		{CE6B712B-7D91-474F-BC1B-CCA2F3F4F9E2} = {67EF2E48-4A81-4384-A9D9-C6AE4E25A9DD}
		{3FDA05DD-6708-496F-BA7A-8CC6D82CA4B3} = {67EF2E48-4A81-4384-A9D9-C6AE4E25A9DD}
		{76953F7D-527A-4448-8019-3DD4ADEAAC0B} = {67EF2E48-4A81-4384-A9D9-C6AE4E25A9DD}
		{8ECBD9A5-BDEE-4060-BC18-0F42D7690EB4} = {67EF2E48-4A81-4384-A9D9-C6AE4E25A9DD}
		{389C49A8-36CB-4A58-B301-5EE6416CD98E} = {67EF2E48-4A81-4384-A9D9-C6AE4E25A9DD}
		{B6353BB7-63C5-4D6B-ADEB-FBF2211A56C1} = {67EF2E48-4A81-4384-A9D9-C6AE4E25A9DD}
		{39BB5384-7E0E-4DB3-976F-6BCE522494E9} = {BA5C3BD5-B443-4C56-A3D3-F7AD330D5CAD}
	EndGlobalSection
EndGlobal
