
Microsoft Visual Studio Solution File, Format Version 12.00
# Visual Studio 2012
Project("{FAE04EC0-301F-11D3-BF4B-00C04F79EFBC}") = "Drin", "Drin\Drin.csproj", "{67DB7BA3-B8BD-420A-B975-FB9876DE038E}"
EndProject
Project("{2150E333-8FDC-42A3-9474-1A3956D46DE8}") = "IF", "IF", "{82D6EE66-DF80-447F-9CB1-36A528AD2291}"
EndProject
Project("{2150E333-8FDC-42A3-9474-1A3956D46DE8}") = "THEN", "THEN", "{B49C2D43-4E96-491D-97D4-FB145C978C4B}"
EndProject
Project("{2150E333-8FDC-42A3-9474-1A3956D46DE8}") = "Engine", "Engine", "{9E55A9E8-E3DF-40BF-8F0F-24460DF73EA5}"
EndProject
Project("{FAE04EC0-301F-11D3-BF4B-00C04F79EFBC}") = "Drin.Engine", "Drin.Engine\Drin.Engine.csproj", "{AC9A4D50-A923-4483-894C-4B208BBED98C}"
EndProject
Project("{FAE04EC0-301F-11D3-BF4B-00C04F79EFBC}") = "Common", "Common\Common.csproj", "{D3E1DC31-E7F5-496B-BC6D-1D64E18CD7A8}"
EndProject
Project("{FAE04EC0-301F-11D3-BF4B-00C04F79EFBC}") = "IfStockPrice", "IfStockPrice\IfStockPrice.csproj", "{1134AA5D-F606-40A1-A8FB-EBCE0C18D4E9}"
EndProject
Project("{F088123C-0E9E-452A-89E6-6BA2F21D5CAC}") = "IfModels", "IfModels\IfModels.modelproj", "{D408E91F-BDC8-4E36-B6C5-0366A83A0694}"
EndProject
Project("{FAE04EC0-301F-11D3-BF4B-00C04F79EFBC}") = "IfSetupWindows", "IfSetupWindows\IfSetupWindows.csproj", "{B4B462F3-1712-4C30-BE83-CE03ACC5D7CC}"
EndProject
Project("{FAE04EC0-301F-11D3-BF4B-00C04F79EFBC}") = "ThenSendEmail", "ThenSendEmail\ThenSendEmail.csproj", "{DBDCDBB6-4DD8-4E99-9948-CC5D90918160}"
EndProject
Project("{2150E333-8FDC-42A3-9474-1A3956D46DE8}") = "IFTESTS", "IFTESTS", "{67EF2E48-4A81-4384-A9D9-C6AE4E25A9DD}"
EndProject
Project("{FAE04EC0-301F-11D3-BF4B-00C04F79EFBC}") = "IfStockPrice.Test", "IfStockPrice.Test\IfStockPrice.Test.csproj", "{CE6B712B-7D91-474F-BC1B-CCA2F3F4F9E2}"
EndProject
Project("{FAE04EC0-301F-11D3-BF4B-00C04F79EFBC}") = "Ada.Lovelace2.0", "Ada.Lovelace2.0\Ada.Lovelace2.0.csproj", "{4D0028E2-34FF-4130-8C10-5A771A685502}"
EndProject
Project("{FAE04EC0-301F-11D3-BF4B-00C04F79EFBC}") = "Woot", "Woot\Woot.csproj", "{7C7F11BC-69DF-4FA8-BB0D-9687DEFCB8A1}"
EndProject
Project("{FAE04EC0-301F-11D3-BF4B-00C04F79EFBC}") = "Barbara.Liskov", "Pokedex\Barbara.Liskov.csproj", "{4E533B8F-0880-44A5-B937-FB26AF842C1A}"
EndProject
Global
	GlobalSection(TeamFoundationVersionControl) = preSolution
		SccNumberOfProjects = 12
		SccEnterpriseProvider = {4CA58AB2-18FA-4F8D-95D4-32DDF27D184C}
		SccTeamFoundationServer = https://bacs387.visualstudio.com/defaultcollection
		SccLocalPath0 = .
		SccProjectUniqueName1 = Drin\\Drin.csproj
		SccProjectName1 = Drin
		SccLocalPath1 = Drin
		SccProjectUniqueName2 = Drin.Engine\\Drin.Engine.csproj
		SccProjectTopLevelParentUniqueName2 = FinalProject.sln
		SccProjectName2 = Drin.Engine
		SccLocalPath2 = Drin.Engine
		SccProjectUniqueName3 = Common\\Common.csproj
		SccProjectName3 = Common
		SccLocalPath3 = Common
		SccProjectUniqueName4 = IfStockPrice\\IfStockPrice.csproj
		SccProjectTopLevelParentUniqueName4 = FinalProject.sln
		SccProjectName4 = IfStockPrice
		SccLocalPath4 = IfStockPrice
		SccProjectUniqueName5 = IfModels\\IfModels.modelproj
		SccProjectTopLevelParentUniqueName5 = FinalProject.sln
		SccProjectName5 = IfModels
		SccLocalPath5 = IfModels
		SccProjectUniqueName6 = IfSetupWindows\\IfSetupWindows.csproj
		SccProjectTopLevelParentUniqueName6 = FinalProject.sln
		SccProjectName6 = IfSetupWindows
		SccLocalPath6 = IfSetupWindows
		SccProjectUniqueName7 = ThenSendEmail\\ThenSendEmail.csproj
		SccProjectTopLevelParentUniqueName7 = FinalProject.sln
		SccProjectName7 = ThenSendEmail
		SccLocalPath7 = ThenSendEmail
		SccProjectUniqueName8 = IfStockPrice.Test\\IfStockPrice.Test.csproj
		SccProjectTopLevelParentUniqueName8 = FinalProject.sln
		SccProjectName8 = IfStockPrice.Test
		SccLocalPath8 = IfStockPrice.Test
		SccProjectUniqueName9 = Ada.Lovelace2.0\\Ada.Lovelace2.0.csproj
		SccProjectTopLevelParentUniqueName9 = FinalProject.sln
		SccProjectName9 = Ada.Lovelace2.0
		SccLocalPath9 = Ada.Lovelace2.0
		SccProjectUniqueName10 = Woot\\Woot.csproj
		SccProjectTopLevelParentUniqueName10 = FinalProject.sln
		SccProjectName10 = Woot
		SccLocalPath10 = Woot
		SccProjectUniqueName11 = Pokedex\\Barbara.Liskov.csproj
		SccProjectTopLevelParentUniqueName11 = FinalProject.sln
		SccProjectName11 = Pokedex
		SccLocalPath11 = Pokedex
	EndGlobalSection
	GlobalSection(SolutionConfigurationPlatforms) = preSolution
		Debug|Any CPU = Debug|Any CPU
		Release|Any CPU = Release|Any CPU
	EndGlobalSection
	GlobalSection(ProjectConfigurationPlatforms) = postSolution
		{67DB7BA3-B8BD-420A-B975-FB9876DE038E}.Debug|Any CPU.ActiveCfg = Debug|Any CPU
		{67DB7BA3-B8BD-420A-B975-FB9876DE038E}.Debug|Any CPU.Build.0 = Debug|Any CPU
		{67DB7BA3-B8BD-420A-B975-FB9876DE038E}.Release|Any CPU.ActiveCfg = Release|Any CPU
		{67DB7BA3-B8BD-420A-B975-FB9876DE038E}.Release|Any CPU.Build.0 = Release|Any CPU
		{AC9A4D50-A923-4483-894C-4B208BBED98C}.Debug|Any CPU.ActiveCfg = Debug|Any CPU
		{AC9A4D50-A923-4483-894C-4B208BBED98C}.Debug|Any CPU.Build.0 = Debug|Any CPU
		{AC9A4D50-A923-4483-894C-4B208BBED98C}.Release|Any CPU.ActiveCfg = Release|Any CPU
		{AC9A4D50-A923-4483-894C-4B208BBED98C}.Release|Any CPU.Build.0 = Release|Any CPU
		{D3E1DC31-E7F5-496B-BC6D-1D64E18CD7A8}.Debug|Any CPU.ActiveCfg = Debug|Any CPU
		{D3E1DC31-E7F5-496B-BC6D-1D64E18CD7A8}.Debug|Any CPU.Build.0 = Debug|Any CPU
		{D3E1DC31-E7F5-496B-BC6D-1D64E18CD7A8}.Release|Any CPU.ActiveCfg = Release|Any CPU
		{D3E1DC31-E7F5-496B-BC6D-1D64E18CD7A8}.Release|Any CPU.Build.0 = Release|Any CPU
		{1134AA5D-F606-40A1-A8FB-EBCE0C18D4E9}.Debug|Any CPU.ActiveCfg = Debug|Any CPU
		{1134AA5D-F606-40A1-A8FB-EBCE0C18D4E9}.Debug|Any CPU.Build.0 = Debug|Any CPU
		{1134AA5D-F606-40A1-A8FB-EBCE0C18D4E9}.Release|Any CPU.ActiveCfg = Release|Any CPU
		{1134AA5D-F606-40A1-A8FB-EBCE0C18D4E9}.Release|Any CPU.Build.0 = Release|Any CPU
		{D408E91F-BDC8-4E36-B6C5-0366A83A0694}.Debug|Any CPU.ActiveCfg = Debug|Any CPU
		{D408E91F-BDC8-4E36-B6C5-0366A83A0694}.Debug|Any CPU.Build.0 = Debug|Any CPU
		{D408E91F-BDC8-4E36-B6C5-0366A83A0694}.Release|Any CPU.ActiveCfg = Release|Any CPU
		{D408E91F-BDC8-4E36-B6C5-0366A83A0694}.Release|Any CPU.Build.0 = Release|Any CPU
		{B4B462F3-1712-4C30-BE83-CE03ACC5D7CC}.Debug|Any CPU.ActiveCfg = Debug|Any CPU
		{B4B462F3-1712-4C30-BE83-CE03ACC5D7CC}.Debug|Any CPU.Build.0 = Debug|Any CPU
		{B4B462F3-1712-4C30-BE83-CE03ACC5D7CC}.Release|Any CPU.ActiveCfg = Release|Any CPU
		{B4B462F3-1712-4C30-BE83-CE03ACC5D7CC}.Release|Any CPU.Build.0 = Release|Any CPU
		{DBDCDBB6-4DD8-4E99-9948-CC5D90918160}.Debug|Any CPU.ActiveCfg = Debug|Any CPU
		{DBDCDBB6-4DD8-4E99-9948-CC5D90918160}.Debug|Any CPU.Build.0 = Debug|Any CPU
		{DBDCDBB6-4DD8-4E99-9948-CC5D90918160}.Release|Any CPU.ActiveCfg = Release|Any CPU
		{DBDCDBB6-4DD8-4E99-9948-CC5D90918160}.Release|Any CPU.Build.0 = Release|Any CPU
		{CE6B712B-7D91-474F-BC1B-CCA2F3F4F9E2}.Debug|Any CPU.ActiveCfg = Debug|Any CPU
		{CE6B712B-7D91-474F-BC1B-CCA2F3F4F9E2}.Debug|Any CPU.Build.0 = Debug|Any CPU
		{CE6B712B-7D91-474F-BC1B-CCA2F3F4F9E2}.Release|Any CPU.ActiveCfg = Release|Any CPU
		{CE6B712B-7D91-474F-BC1B-CCA2F3F4F9E2}.Release|Any CPU.Build.0 = Release|Any CPU
		{4D0028E2-34FF-4130-8C10-5A771A685502}.Debug|Any CPU.ActiveCfg = Debug|Any CPU
		{4D0028E2-34FF-4130-8C10-5A771A685502}.Debug|Any CPU.Build.0 = Debug|Any CPU
		{4D0028E2-34FF-4130-8C10-5A771A685502}.Release|Any CPU.ActiveCfg = Release|Any CPU
		{4D0028E2-34FF-4130-8C10-5A771A685502}.Release|Any CPU.Build.0 = Release|Any CPU
		{7C7F11BC-69DF-4FA8-BB0D-9687DEFCB8A1}.Debug|Any CPU.ActiveCfg = Debug|Any CPU
		{7C7F11BC-69DF-4FA8-BB0D-9687DEFCB8A1}.Debug|Any CPU.Build.0 = Debug|Any CPU
		{7C7F11BC-69DF-4FA8-BB0D-9687DEFCB8A1}.Release|Any CPU.ActiveCfg = Release|Any CPU
		{7C7F11BC-69DF-4FA8-BB0D-9687DEFCB8A1}.Release|Any CPU.Build.0 = Release|Any CPU
		{4E533B8F-0880-44A5-B937-FB26AF842C1A}.Debug|Any CPU.ActiveCfg = Debug|Any CPU
		{4E533B8F-0880-44A5-B937-FB26AF842C1A}.Debug|Any CPU.Build.0 = Debug|Any CPU
		{4E533B8F-0880-44A5-B937-FB26AF842C1A}.Release|Any CPU.ActiveCfg = Release|Any CPU
		{4E533B8F-0880-44A5-B937-FB26AF842C1A}.Release|Any CPU.Build.0 = Release|Any CPU
	EndGlobalSection
	GlobalSection(SolutionProperties) = preSolution
		HideSolutionNode = FALSE
	EndGlobalSection
	GlobalSection(NestedProjects) = preSolution
		{1134AA5D-F606-40A1-A8FB-EBCE0C18D4E9} = {82D6EE66-DF80-447F-9CB1-36A528AD2291}
		{D408E91F-BDC8-4E36-B6C5-0366A83A0694} = {82D6EE66-DF80-447F-9CB1-36A528AD2291}
		{B4B462F3-1712-4C30-BE83-CE03ACC5D7CC} = {82D6EE66-DF80-447F-9CB1-36A528AD2291}
		{4D0028E2-34FF-4130-8C10-5A771A685502} = {82D6EE66-DF80-447F-9CB1-36A528AD2291}
		{7C7F11BC-69DF-4FA8-BB0D-9687DEFCB8A1} = {82D6EE66-DF80-447F-9CB1-36A528AD2291}
		{4E533B8F-0880-44A5-B937-FB26AF842C1A} = {82D6EE66-DF80-447F-9CB1-36A528AD2291}
		{DBDCDBB6-4DD8-4E99-9948-CC5D90918160} = {B49C2D43-4E96-491D-97D4-FB145C978C4B}
		{AC9A4D50-A923-4483-894C-4B208BBED98C} = {9E55A9E8-E3DF-40BF-8F0F-24460DF73EA5}
		{CE6B712B-7D91-474F-BC1B-CCA2F3F4F9E2} = {67EF2E48-4A81-4384-A9D9-C6AE4E25A9DD}
	EndGlobalSection
EndGlobal
